// !$*UTF8*$!
{
	archiveVersion = 1;
	classes = {
	};
	objectVersion = 50;
	objects = {

/* Begin PBXFileReference section */
		BC1C904E26BA5D00007B743F /* 1. A Swift Tour.playground */ = {isa = PBXFileReference; lastKnownFileType = file.playground; path = "1. A Swift Tour.playground"; sourceTree = "<group>"; xcLanguageSpecificationIdentifier = xcode.lang.swift; };
		BC1C904F26BA5D31007B743F /* 2. Simple Values.playground */ = {isa = PBXFileReference; lastKnownFileType = file.playground; path = "2. Simple Values.playground"; sourceTree = "<group>"; xcLanguageSpecificationIdentifier = xcode.lang.swift; };
		BC1C905126BA69C7007B743F /* 3. Control Flow.playground */ = {isa = PBXFileReference; lastKnownFileType = file.playground; path = "3. Control Flow.playground"; sourceTree = "<group>"; xcLanguageSpecificationIdentifier = xcode.lang.swift; };
		BC2072FB26BAD31D00359A07 /* 4. Functions and Closuers.playground */ = {isa = PBXFileReference; lastKnownFileType = file.playground; path = "4. Functions and Closuers.playground"; sourceTree = "<group>"; xcLanguageSpecificationIdentifier = xcode.lang.swift; };
		BC63B8A526C0A87400F05F6B /* 7. Protocols and Extensions.playground */ = {isa = PBXFileReference; lastKnownFileType = file.playground; path = "7. Protocols and Extensions.playground"; sourceTree = "<group>"; xcLanguageSpecificationIdentifier = xcode.lang.swift; };
		BCC4993126BD9A39009660F0 /* test.playground */ = {isa = PBXFileReference; lastKnownFileType = file.playground; path = test.playground; sourceTree = "<group>"; xcLanguageSpecificationIdentifier = xcode.lang.swift; };
		BCC7231726BBBC3A006741D5 /* 5. Objects and Classes.playground */ = {isa = PBXFileReference; lastKnownFileType = file.playground; path = "5. Objects and Classes.playground"; sourceTree = "<group>"; xcLanguageSpecificationIdentifier = xcode.lang.swift; };
		BCED86A326BCFA010050729C /* 6. Enumerations and Structures.playground */ = {isa = PBXFileReference; lastKnownFileType = file.playground; path = "6. Enumerations and Structures.playground"; sourceTree = "<group>"; xcLanguageSpecificationIdentifier = xcode.lang.swift; };
/* End PBXFileReference section */

/* Begin PBXGroup section */
		BC1C904726BA5CAC007B743F = {
			isa = PBXGroup;
			children = (
				BC1C904E26BA5D00007B743F /* 1. A Swift Tour.playground */,
				BC1C904F26BA5D31007B743F /* 2. Simple Values.playground */,
				BC1C905126BA69C7007B743F /* 3. Control Flow.playground */,
				BC2072FB26BAD31D00359A07 /* 4. Functions and Closuers.playground */,
				BCC7231726BBBC3A006741D5 /* 5. Objects and Classes.playground */,
				BCED86A326BCFA010050729C /* 6. Enumerations and Structures.playground */,
				BC63B8A526C0A87400F05F6B /* 7. Protocols and Extensions.playground */,
				BCC4993126BD9A39009660F0 /* test.playground */,
			);
			sourceTree = "<group>";
		};
/* End PBXGroup section */

/* Begin PBXProject section */
		BC1C904826BA5CAC007B743F /* Project object */ = {
			isa = PBXProject;
			attributes = {
				LastUpgradeCheck = 1250;
			};
			buildConfigurationList = BC1C904B26BA5CAC007B743F /* Build configuration list for PBXProject "Swift" */;
			compatibilityVersion = "Xcode 9.3";
			developmentRegion = en;
			hasScannedForEncodings = 0;
			knownRegions = (
				en,
				Base,
			);
			mainGroup = BC1C904726BA5CAC007B743F;
			projectDirPath = "";
			projectRoot = "";
			targets = (
			);
		};
/* End PBXProject section */

/* Begin XCBuildConfiguration section */
		BC1C904C26BA5CAC007B743F /* Debug */ = {
			isa = XCBuildConfiguration;
			buildSettings = {
			};
			name = Debug;
		};
		BC1C904D26BA5CAC007B743F /* Release */ = {
			isa = XCBuildConfiguration;
			buildSettings = {
			};
			name = Release;
		};
/* End XCBuildConfiguration section */

/* Begin XCConfigurationList section */
		BC1C904B26BA5CAC007B743F /* Build configuration list for PBXProject "Swift" */ = {
			isa = XCConfigurationList;
			buildConfigurations = (
				BC1C904C26BA5CAC007B743F /* Debug */,
				BC1C904D26BA5CAC007B743F /* Release */,
			);
			defaultConfigurationIsVisible = 0;
			defaultConfigurationName = Release;
		};
/* End XCConfigurationList section */
	};
	rootObject = BC1C904826BA5CAC007B743F /* Project object */;
}
